
Microsoft Visual Studio Solution File, Format Version 12.00
# Visual Studio 15
VisualStudioVersion = 15.0.28307.1169
MinimumVisualStudioVersion = 10.0.40219.1
Project("{FAE04EC0-301F-11D3-BF4B-00C04F79EFBC}") = "DCurdApi", "DCurdApi\DCurdApi.csproj", "{99488E94-BA8A-4800-BD80-AF6B79374C7D}"
EndProject
Global
	GlobalSection(SolutionConfigurationPlatforms) = preSolution
		Debug|Any CPU = Debug|Any CPU
		Release|Any CPU = Release|Any CPU
	EndGlobalSection
	GlobalSection(ProjectConfigurationPlatforms) = postSolution
		{99488E94-BA8A-4800-BD80-AF6B79374C7D}.Debug|Any CPU.ActiveCfg = Debug|Any CPU
		{99488E94-BA8A-4800-BD80-AF6B79374C7D}.Debug|Any CPU.Build.0 = Debug|Any CPU
		{99488E94-BA8A-4800-BD80-AF6B79374C7D}.Release|Any CPU.ActiveCfg = Release|Any CPU
		{99488E94-BA8A-4800-BD80-AF6B79374C7D}.Release|Any CPU.Build.0 = Release|Any CPU
	EndGlobalSection
	GlobalSection(SolutionProperties) = preSolution
		HideSolutionNode = FALSE
	EndGlobalSection
	GlobalSection(ExtensibilityGlobals) = postSolution
		SolutionGuid = {3D5D1251-0323-4E57-9B08-FB0583D4CAF3}
	EndGlobalSection
EndGlobal
